
Microsoft Visual Studio Solution File, Format Version 12.00
# Visual Studio Version 16
VisualStudioVersion = 16.0.34031.81
MinimumVisualStudioVersion = 10.0.40219.1
Project("{888888A0-9F3D-457C-B088-3A5042F75D52}") = "text_adventure_quiz", "text_adventure_quiz\text_adventure_quiz.pyproj", "{EC54BA86-D84F-45FD-8FA1-6413831B26FD}"
EndProject
Global
	GlobalSection(SolutionConfigurationPlatforms) = preSolution
		Debug|Any CPU = Debug|Any CPU
		Release|Any CPU = Release|Any CPU
	EndGlobalSection
	GlobalSection(ProjectConfigurationPlatforms) = postSolution
		{EC54BA86-D84F-45FD-8FA1-6413831B26FD}.Debug|Any CPU.ActiveCfg = Debug|Any CPU
		{EC54BA86-D84F-45FD-8FA1-6413831B26FD}.Release|Any CPU.ActiveCfg = Release|Any CPU
	EndGlobalSection
	GlobalSection(SolutionProperties) = preSolution
		HideSolutionNode = FALSE
	EndGlobalSection
	GlobalSection(ExtensibilityGlobals) = postSolution
		SolutionGuid = {551EB9BC-7BFD-483C-96A2-58CF6FF725AC}
	EndGlobalSection
EndGlobal
